// !$*UTF8*$!
{
	archiveVersion = 1;
	classes = {
	};
	objectVersion = 50;
	objects = {

/* Begin PBXBuildFile section */
		280F165F231D5B0600CA206D /* Assets.xcassets in Resources */ = {isa = PBXBuildFile; fileRef = 280F165E231D5B0600CA206D /* Assets.xcassets */; };
		280F1661231EA46600CA206D /* Borderline.swift in Sources */ = {isa = PBXBuildFile; fileRef = 280F1660231EA46600CA206D /* Borderline.swift */; };
		28335E2523236F4C00887E73 /* Jellypour.swift in Sources */ = {isa = PBXBuildFile; fileRef = 28335E2423236F4C00887E73 /* Jellypour.swift */; };
		28335E2823237C0E00887E73 /* JellyTheSparkle.swift in Sources */ = {isa = PBXBuildFile; fileRef = 28335E2723237C0E00887E73 /* JellyTheSparkle.swift */; };
		28930F6F2324E565009D3EC7 /* SecondPhaseScene.swift in Sources */ = {isa = PBXBuildFile; fileRef = 28930F6E2324E565009D3EC7 /* SecondPhaseScene.swift */; };
		28930F722324E7EF009D3EC7 /* StraightBullet.swift in Sources */ = {isa = PBXBuildFile; fileRef = 28930F712324E7EF009D3EC7 /* StraightBullet.swift */; };
		28A760BD231A3879005276CF /* AppDelegate.swift in Sources */ = {isa = PBXBuildFile; fileRef = 28A760BC231A3879005276CF /* AppDelegate.swift */; };
		28A760BF231A3879005276CF /* GameScene.sks in Resources */ = {isa = PBXBuildFile; fileRef = 28A760BE231A3879005276CF /* GameScene.sks */; };
		28A760C1231A3879005276CF /* Actions.sks in Resources */ = {isa = PBXBuildFile; fileRef = 28A760C0231A3879005276CF /* Actions.sks */; };
		28A760C3231A3879005276CF /* GameScene.swift in Sources */ = {isa = PBXBuildFile; fileRef = 28A760C2231A3879005276CF /* GameScene.swift */; };
		28A760C5231A3879005276CF /* ViewController.swift in Sources */ = {isa = PBXBuildFile; fileRef = 28A760C4231A3879005276CF /* ViewController.swift */; };
		28A760CA231A387A005276CF /* Main.storyboard in Resources */ = {isa = PBXBuildFile; fileRef = 28A760C8231A387A005276CF /* Main.storyboard */; };
		28A760D3231A3991005276CF /* Player.swift in Sources */ = {isa = PBXBuildFile; fileRef = 28A760D2231A3991005276CF /* Player.swift */; };
		28A760D5231A3AC5005276CF /* Jellyborne.swift in Sources */ = {isa = PBXBuildFile; fileRef = 28A760D4231A3AC5005276CF /* Jellyborne.swift */; };
		28A760D7231A423A005276CF /* LifeIndicator.swift in Sources */ = {isa = PBXBuildFile; fileRef = 28A760D6231A423A005276CF /* LifeIndicator.swift */; };
		28A760D9231A481E005276CF /* TitleScene.swift in Sources */ = {isa = PBXBuildFile; fileRef = 28A760D8231A481E005276CF /* TitleScene.swift */; };
		28B0101E232017E300331CE7 /* GameoverScene.swift in Sources */ = {isa = PBXBuildFile; fileRef = 28B0101D232017E300331CE7 /* GameoverScene.swift */; };
		28B0102023201AA500331CE7 /* MessageWindow.swift in Sources */ = {isa = PBXBuildFile; fileRef = 28B0101F23201AA500331CE7 /* MessageWindow.swift */; };
		28B0102223223FA500331CE7 /* TravelScene.swift in Sources */ = {isa = PBXBuildFile; fileRef = 28B0102123223FA500331CE7 /* TravelScene.swift */; };
/* End PBXBuildFile section */

/* Begin PBXFileReference section */
		280F165E231D5B0600CA206D /* Assets.xcassets */ = {isa = PBXFileReference; lastKnownFileType = folder.assetcatalog; path = Assets.xcassets; sourceTree = "<group>"; };
		280F1660231EA46600CA206D /* Borderline.swift */ = {isa = PBXFileReference; lastKnownFileType = sourcecode.swift; path = Borderline.swift; sourceTree = "<group>"; };
		28335E2423236F4C00887E73 /* Jellypour.swift */ = {isa = PBXFileReference; lastKnownFileType = sourcecode.swift; path = Jellypour.swift; sourceTree = "<group>"; };
		28335E2723237C0E00887E73 /* JellyTheSparkle.swift */ = {isa = PBXFileReference; lastKnownFileType = sourcecode.swift; path = JellyTheSparkle.swift; sourceTree = "<group>"; };
		28930F6E2324E565009D3EC7 /* SecondPhaseScene.swift */ = {isa = PBXFileReference; fileEncoding = 4; lastKnownFileType = sourcecode.swift; path = SecondPhaseScene.swift; sourceTree = "<group>"; };
		28930F712324E7EF009D3EC7 /* StraightBullet.swift */ = {isa = PBXFileReference; lastKnownFileType = sourcecode.swift; path = StraightBullet.swift; sourceTree = "<group>"; };
		28A760B9231A3879005276CF /* fesGame2019.app */ = {isa = PBXFileReference; explicitFileType = wrapper.application; includeInIndex = 0; path = fesGame2019.app; sourceTree = BUILT_PRODUCTS_DIR; };
		28A760BC231A3879005276CF /* AppDelegate.swift */ = {isa = PBXFileReference; lastKnownFileType = sourcecode.swift; path = AppDelegate.swift; sourceTree = "<group>"; };
		28A760BE231A3879005276CF /* GameScene.sks */ = {isa = PBXFileReference; lastKnownFileType = file.sks; path = GameScene.sks; sourceTree = "<group>"; };
		28A760C0231A3879005276CF /* Actions.sks */ = {isa = PBXFileReference; lastKnownFileType = file.sks; path = Actions.sks; sourceTree = "<group>"; };
		28A760C2231A3879005276CF /* GameScene.swift */ = {isa = PBXFileReference; lastKnownFileType = sourcecode.swift; path = GameScene.swift; sourceTree = "<group>"; };
		28A760C4231A3879005276CF /* ViewController.swift */ = {isa = PBXFileReference; lastKnownFileType = sourcecode.swift; path = ViewController.swift; sourceTree = "<group>"; };
		28A760C9231A387A005276CF /* Base */ = {isa = PBXFileReference; lastKnownFileType = file.storyboard; name = Base; path = Base.lproj/Main.storyboard; sourceTree = "<group>"; };
		28A760CB231A387A005276CF /* Info.plist */ = {isa = PBXFileReference; lastKnownFileType = text.plist.xml; path = Info.plist; sourceTree = "<group>"; };
		28A760CC231A387A005276CF /* fesGame2019.entitlements */ = {isa = PBXFileReference; lastKnownFileType = text.plist.entitlements; path = fesGame2019.entitlements; sourceTree = "<group>"; };
		28A760D2231A3991005276CF /* Player.swift */ = {isa = PBXFileReference; lastKnownFileType = sourcecode.swift; path = Player.swift; sourceTree = "<group>"; };
		28A760D4231A3AC5005276CF /* Jellyborne.swift */ = {isa = PBXFileReference; lastKnownFileType = sourcecode.swift; path = Jellyborne.swift; sourceTree = "<group>"; };
		28A760D6231A423A005276CF /* LifeIndicator.swift */ = {isa = PBXFileReference; lastKnownFileType = sourcecode.swift; path = LifeIndicator.swift; sourceTree = "<group>"; };
		28A760D8231A481E005276CF /* TitleScene.swift */ = {isa = PBXFileReference; lastKnownFileType = sourcecode.swift; path = TitleScene.swift; sourceTree = "<group>"; };
		28B0101D232017E300331CE7 /* GameoverScene.swift */ = {isa = PBXFileReference; lastKnownFileType = sourcecode.swift; path = GameoverScene.swift; sourceTree = "<group>"; };
		28B0101F23201AA500331CE7 /* MessageWindow.swift */ = {isa = PBXFileReference; lastKnownFileType = sourcecode.swift; path = MessageWindow.swift; sourceTree = "<group>"; };
		28B0102123223FA500331CE7 /* TravelScene.swift */ = {isa = PBXFileReference; lastKnownFileType = sourcecode.swift; path = TravelScene.swift; sourceTree = "<group>"; };
/* End PBXFileReference section */

/* Begin PBXFrameworksBuildPhase section */
		28A760B6231A3879005276CF /* Frameworks */ = {
			isa = PBXFrameworksBuildPhase;
			buildActionMask = 2147483647;
			files = (
			);
			runOnlyForDeploymentPostprocessing = 0;
		};
/* End PBXFrameworksBuildPhase section */

/* Begin PBXGroup section */
		28335E2623237BDF00887E73 /* Enemy */ = {
			isa = PBXGroup;
			children = (
				28930F712324E7EF009D3EC7 /* StraightBullet.swift */,
				28335E2723237C0E00887E73 /* JellyTheSparkle.swift */,
				28335E2423236F4C00887E73 /* Jellypour.swift */,
				28A760D4231A3AC5005276CF /* Jellyborne.swift */,
			);
			path = Enemy;
			sourceTree = "<group>";
		};
		28930F702324E578009D3EC7 /* GameScenes */ = {
			isa = PBXGroup;
			children = (
				28A760C2231A3879005276CF /* GameScene.swift */,
				28930F6E2324E565009D3EC7 /* SecondPhaseScene.swift */,
			);
			path = GameScenes;
			sourceTree = "<group>";
		};
		28A760B0231A3879005276CF = {
			isa = PBXGroup;
			children = (
				28A760BB231A3879005276CF /* fesGame2019 */,
				28A760BA231A3879005276CF /* Products */,
			);
			sourceTree = "<group>";
		};
		28A760BA231A3879005276CF /* Products */ = {
			isa = PBXGroup;
			children = (
				28A760B9231A3879005276CF /* fesGame2019.app */,
			);
			name = Products;
			sourceTree = "<group>";
		};
		28A760BB231A3879005276CF /* fesGame2019 */ = {
			isa = PBXGroup;
			children = (
				28A760BC231A3879005276CF /* AppDelegate.swift */,
				28A760BE231A3879005276CF /* GameScene.sks */,
				28A760C0231A3879005276CF /* Actions.sks */,
				28A760D8231A481E005276CF /* TitleScene.swift */,
				28B0102123223FA500331CE7 /* TravelScene.swift */,
				28930F702324E578009D3EC7 /* GameScenes */,
				28B0101D232017E300331CE7 /* GameoverScene.swift */,
				28B0101F23201AA500331CE7 /* MessageWindow.swift */,
				28A760D2231A3991005276CF /* Player.swift */,
				28335E2623237BDF00887E73 /* Enemy */,
				280F1660231EA46600CA206D /* Borderline.swift */,
				28A760D6231A423A005276CF /* LifeIndicator.swift */,
				28A760C4231A3879005276CF /* ViewController.swift */,
				280F165E231D5B0600CA206D /* Assets.xcassets */,
				28A760C8231A387A005276CF /* Main.storyboard */,
				28A760CB231A387A005276CF /* Info.plist */,
				28A760CC231A387A005276CF /* fesGame2019.entitlements */,
			);
			path = fesGame2019;
			sourceTree = "<group>";
		};
/* End PBXGroup section */

/* Begin PBXNativeTarget section */
		28A760B8231A3879005276CF /* fesGame2019 */ = {
			isa = PBXNativeTarget;
			buildConfigurationList = 28A760CF231A387A005276CF /* Build configuration list for PBXNativeTarget "fesGame2019" */;
			buildPhases = (
				28A760B5231A3879005276CF /* Sources */,
				28A760B6231A3879005276CF /* Frameworks */,
				28A760B7231A3879005276CF /* Resources */,
			);
			buildRules = (
			);
			dependencies = (
			);
			name = fesGame2019;
			productName = fesGame2019;
			productReference = 28A760B9231A3879005276CF /* fesGame2019.app */;
			productType = "com.apple.product-type.application";
		};
/* End PBXNativeTarget section */

/* Begin PBXProject section */
		28A760B1231A3879005276CF /* Project object */ = {
			isa = PBXProject;
			attributes = {
				LastSwiftUpdateCheck = 1030;
				LastUpgradeCheck = 1030;
				ORGANIZATIONNAME = "Tiz'sMake";
				TargetAttributes = {
					28A760B8231A3879005276CF = {
						CreatedOnToolsVersion = 10.3;
					};
				};
			};
			buildConfigurationList = 28A760B4231A3879005276CF /* Build configuration list for PBXProject "fesGame2019" */;
			compatibilityVersion = "Xcode 9.3";
			developmentRegion = en;
			hasScannedForEncodings = 0;
			knownRegions = (
				en,
				Base,
			);
			mainGroup = 28A760B0231A3879005276CF;
			productRefGroup = 28A760BA231A3879005276CF /* Products */;
			projectDirPath = "";
			projectRoot = "";
			targets = (
				28A760B8231A3879005276CF /* fesGame2019 */,
			);
		};
/* End PBXProject section */

/* Begin PBXResourcesBuildPhase section */
		28A760B7231A3879005276CF /* Resources */ = {
			isa = PBXResourcesBuildPhase;
			buildActionMask = 2147483647;
			files = (
				28A760BF231A3879005276CF /* GameScene.sks in Resources */,
				28A760C1231A3879005276CF /* Actions.sks in Resources */,
				28A760CA231A387A005276CF /* Main.storyboard in Resources */,
				280F165F231D5B0600CA206D /* Assets.xcassets in Resources */,
			);
			runOnlyForDeploymentPostprocessing = 0;
		};
/* End PBXResourcesBuildPhase section */

/* Begin PBXSourcesBuildPhase section */
		28A760B5231A3879005276CF /* Sources */ = {
			isa = PBXSourcesBuildPhase;
			buildActionMask = 2147483647;
			files = (
				28335E2523236F4C00887E73 /* Jellypour.swift in Sources */,
				28930F722324E7EF009D3EC7 /* StraightBullet.swift in Sources */,
				28A760D3231A3991005276CF /* Player.swift in Sources */,
				28B0102023201AA500331CE7 /* MessageWindow.swift in Sources */,
				28335E2823237C0E00887E73 /* JellyTheSparkle.swift in Sources */,
				28A760D5231A3AC5005276CF /* Jellyborne.swift in Sources */,
				28A760D9231A481E005276CF /* TitleScene.swift in Sources */,
				28A760C5231A3879005276CF /* ViewController.swift in Sources */,
				28A760D7231A423A005276CF /* LifeIndicator.swift in Sources */,
				28A760C3231A3879005276CF /* GameScene.swift in Sources */,
				28A760BD231A3879005276CF /* AppDelegate.swift in Sources */,
				28930F6F2324E565009D3EC7 /* SecondPhaseScene.swift in Sources */,
				28B0101E232017E300331CE7 /* GameoverScene.swift in Sources */,
				28B0102223223FA500331CE7 /* TravelScene.swift in Sources */,
				280F1661231EA46600CA206D /* Borderline.swift in Sources */,
			);
			runOnlyForDeploymentPostprocessing = 0;
		};
/* End PBXSourcesBuildPhase section */

/* Begin PBXVariantGroup section */
		28A760C8231A387A005276CF /* Main.storyboard */ = {
			isa = PBXVariantGroup;
			children = (
				28A760C9231A387A005276CF /* Base */,
			);
			name = Main.storyboard;
			sourceTree = "<group>";
		};
/* End PBXVariantGroup section */

/* Begin XCBuildConfiguration section */
		28A760CD231A387A005276CF /* Debug */ = {
			isa = XCBuildConfiguration;
			buildSettings = {
				ALWAYS_SEARCH_USER_PATHS = NO;
				CLANG_ANALYZER_NONNULL = YES;
				CLANG_ANALYZER_NUMBER_OBJECT_CONVERSION = YES_AGGRESSIVE;
				CLANG_CXX_LANGUAGE_STANDARD = "gnu++14";
				CLANG_CXX_LIBRARY = "libc++";
				CLANG_ENABLE_MODULES = YES;
				CLANG_ENABLE_OBJC_ARC = YES;
				CLANG_ENABLE_OBJC_WEAK = YES;
				CLANG_WARN_BLOCK_CAPTURE_AUTORELEASING = YES;
				CLANG_WARN_BOOL_CONVERSION = YES;
				CLANG_WARN_COMMA = YES;
				CLANG_WARN_CONSTANT_CONVERSION = YES;
				CLANG_WARN_DEPRECATED_OBJC_IMPLEMENTATIONS = YES;
				CLANG_WARN_DIRECT_OBJC_ISA_USAGE = YES_ERROR;
				CLANG_WARN_DOCUMENTATION_COMMENTS = YES;
				CLANG_WARN_EMPTY_BODY = YES;
				CLANG_WARN_ENUM_CONVERSION = YES;
				CLANG_WARN_INFINITE_RECURSION = YES;
				CLANG_WARN_INT_CONVERSION = YES;
				CLANG_WARN_NON_LITERAL_NULL_CONVERSION = YES;
				CLANG_WARN_OBJC_IMPLICIT_RETAIN_SELF = YES;
				CLANG_WARN_OBJC_LITERAL_CONVERSION = YES;
				CLANG_WARN_OBJC_ROOT_CLASS = YES_ERROR;
				CLANG_WARN_RANGE_LOOP_ANALYSIS = YES;
				CLANG_WARN_STRICT_PROTOTYPES = YES;
				CLANG_WARN_SUSPICIOUS_MOVE = YES;
				CLANG_WARN_UNGUARDED_AVAILABILITY = YES_AGGRESSIVE;
				CLANG_WARN_UNREACHABLE_CODE = YES;
				CLANG_WARN__DUPLICATE_METHOD_MATCH = YES;
				CODE_SIGN_IDENTITY = "Mac Developer";
				COPY_PHASE_STRIP = NO;
				DEBUG_INFORMATION_FORMAT = dwarf;
				ENABLE_STRICT_OBJC_MSGSEND = YES;
				ENABLE_TESTABILITY = YES;
				GCC_C_LANGUAGE_STANDARD = gnu11;
				GCC_DYNAMIC_NO_PIC = NO;
				GCC_NO_COMMON_BLOCKS = YES;
				GCC_OPTIMIZATION_LEVEL = 0;
				GCC_PREPROCESSOR_DEFINITIONS = (
					"DEBUG=1",
					"$(inherited)",
				);
				GCC_WARN_64_TO_32_BIT_CONVERSION = YES;
				GCC_WARN_ABOUT_RETURN_TYPE = YES_ERROR;
				GCC_WARN_UNDECLARED_SELECTOR = YES;
				GCC_WARN_UNINITIALIZED_AUTOS = YES_AGGRESSIVE;
				GCC_WARN_UNUSED_FUNCTION = YES;
				GCC_WARN_UNUSED_VARIABLE = YES;
				MACOSX_DEPLOYMENT_TARGET = 10.14;
				MTL_ENABLE_DEBUG_INFO = INCLUDE_SOURCE;
				MTL_FAST_MATH = YES;
				ONLY_ACTIVE_ARCH = YES;
				SDKROOT = macosx;
				SWIFT_ACTIVE_COMPILATION_CONDITIONS = DEBUG;
				SWIFT_OPTIMIZATION_LEVEL = "-Onone";
			};
			name = Debug;
		};
		28A760CE231A387A005276CF /* Release */ = {
			isa = XCBuildConfiguration;
			buildSettings = {
				ALWAYS_SEARCH_USER_PATHS = NO;
				CLANG_ANALYZER_NONNULL = YES;
				CLANG_ANALYZER_NUMBER_OBJECT_CONVERSION = YES_AGGRESSIVE;
				CLANG_CXX_LANGUAGE_STANDARD = "gnu++14";
				CLANG_CXX_LIBRARY = "libc++";
				CLANG_ENABLE_MODULES = YES;
				CLANG_ENABLE_OBJC_ARC = YES;
				CLANG_ENABLE_OBJC_WEAK = YES;
				CLANG_WARN_BLOCK_CAPTURE_AUTORELEASING = YES;
				CLANG_WARN_BOOL_CONVERSION = YES;
				CLANG_WARN_COMMA = YES;
				CLANG_WARN_CONSTANT_CONVERSION = YES;
				CLANG_WARN_DEPRECATED_OBJC_IMPLEMENTATIONS = YES;
				CLANG_WARN_DIRECT_OBJC_ISA_USAGE = YES_ERROR;
				CLANG_WARN_DOCUMENTATION_COMMENTS = YES;
				CLANG_WARN_EMPTY_BODY = YES;
				CLANG_WARN_ENUM_CONVERSION = YES;
				CLANG_WARN_INFINITE_RECURSION = YES;
				CLANG_WARN_INT_CONVERSION = YES;
				CLANG_WARN_NON_LITERAL_NULL_CONVERSION = YES;
				CLANG_WARN_OBJC_IMPLICIT_RETAIN_SELF = YES;
				CLANG_WARN_OBJC_LITERAL_CONVERSION = YES;
				CLANG_WARN_OBJC_ROOT_CLASS = YES_ERROR;
				CLANG_WARN_RANGE_LOOP_ANALYSIS = YES;
				CLANG_WARN_STRICT_PROTOTYPES = YES;
				CLANG_WARN_SUSPICIOUS_MOVE = YES;
				CLANG_WARN_UNGUARDED_AVAILABILITY = YES_AGGRESSIVE;
				CLANG_WARN_UNREACHABLE_CODE = YES;
				CLANG_WARN__DUPLICATE_METHOD_MATCH = YES;
				CODE_SIGN_IDENTITY = "Mac Developer";
				COPY_PHASE_STRIP = NO;
				DEBUG_INFORMATION_FORMAT = "dwarf-with-dsym";
				ENABLE_NS_ASSERTIONS = NO;
				ENABLE_STRICT_OBJC_MSGSEND = YES;
				GCC_C_LANGUAGE_STANDARD = gnu11;
				GCC_NO_COMMON_BLOCKS = YES;
				GCC_WARN_64_TO_32_BIT_CONVERSION = YES;
				GCC_WARN_ABOUT_RETURN_TYPE = YES_ERROR;
				GCC_WARN_UNDECLARED_SELECTOR = YES;
				GCC_WARN_UNINITIALIZED_AUTOS = YES_AGGRESSIVE;
				GCC_WARN_UNUSED_FUNCTION = YES;
				GCC_WARN_UNUSED_VARIABLE = YES;
				MACOSX_DEPLOYMENT_TARGET = 10.14;
				MTL_ENABLE_DEBUG_INFO = NO;
				MTL_FAST_MATH = YES;
				SDKROOT = macosx;
				SWIFT_COMPILATION_MODE = wholemodule;
				SWIFT_OPTIMIZATION_LEVEL = "-O";
			};
			name = Release;
		};
		28A760D0231A387A005276CF /* Debug */ = {
			isa = XCBuildConfiguration;
			buildSettings = {
				ASSETCATALOG_COMPILER_APPICON_NAME = AppIcon;
				CODE_SIGN_ENTITLEMENTS = fesGame2019/fesGame2019.entitlements;
				CODE_SIGN_STYLE = Automatic;
				COMBINE_HIDPI_IMAGES = YES;
				DEVELOPMENT_TEAM = 75C536NW4W;
				INFOPLIST_FILE = fesGame2019/Info.plist;
				LD_RUNPATH_SEARCH_PATHS = (
					"$(inherited)",
					"@executable_path/../Frameworks",
				);
				PRODUCT_BUNDLE_IDENTIFIER = Fricsion.fesGame2019;
				PRODUCT_NAME = "$(TARGET_NAME)";
				SWIFT_VERSION = 5.0;
			};
			name = Debug;
		};
		28A760D1231A387A005276CF /* Release */ = {
			isa = XCBuildConfiguration;
			buildSettings = {
				ASSETCATALOG_COMPILER_APPICON_NAME = AppIcon;
				CODE_SIGN_ENTITLEMENTS = fesGame2019/fesGame2019.entitlements;
				CODE_SIGN_STYLE = Automatic;
				COMBINE_HIDPI_IMAGES = YES;
				DEVELOPMENT_TEAM = 75C536NW4W;
				INFOPLIST_FILE = fesGame2019/Info.plist;
				LD_RUNPATH_SEARCH_PATHS = (
					"$(inherited)",
					"@executable_path/../Frameworks",
				);
				PRODUCT_BUNDLE_IDENTIFIER = Fricsion.fesGame2019;
				PRODUCT_NAME = "$(TARGET_NAME)";
				SWIFT_VERSION = 5.0;
			};
			name = Release;
		};
/* End XCBuildConfiguration section */

/* Begin XCConfigurationList section */
		28A760B4231A3879005276CF /* Build configuration list for PBXProject "fesGame2019" */ = {
			isa = XCConfigurationList;
			buildConfigurations = (
				28A760CD231A387A005276CF /* Debug */,
				28A760CE231A387A005276CF /* Release */,
			);
			defaultConfigurationIsVisible = 0;
			defaultConfigurationName = Release;
		};
		28A760CF231A387A005276CF /* Build configuration list for PBXNativeTarget "fesGame2019" */ = {
			isa = XCConfigurationList;
			buildConfigurations = (
				28A760D0231A387A005276CF /* Debug */,
				28A760D1231A387A005276CF /* Release */,
			);
			defaultConfigurationIsVisible = 0;
			defaultConfigurationName = Release;
		};
/* End XCConfigurationList section */
	};
	rootObject = 28A760B1231A3879005276CF /* Project object */;
}
